<Solution>
  <Folder Name="/src/Examination/">
    <Project Path="src/Examination/Examination.API/Examination.API.csproj" />
    <Project Path="src/Examination/Examination.Application/Examination.Application.csproj" />
    <Project Path="src/Examination/Examination.Infrastructure/Examination.Infrastructure.csproj" />
    <Project Path="src/Examination/Exemination.Domain/Exemination.Domain.csproj" />
  </Folder>
  <Folder Name="/src/BuildingBlocks/">
    <Project Path="src/BuildingBlocks/Examination.Dtos/Examination.Dtos.csproj" />
  </Folder>
  <Folder Name="/src/Identity/">
    <Project Path="src/Identity/Identity.API/Identity.API.csproj" />
  </Folder>
  <Folder Name="/tests/Examination/">
    <Project Path="tests/Examination/Examination.Application.UnitTests/Examination.Application.UnitTests.csproj" />
    <Project Path="tests/Examination/Examination.Domain.UnitTests/Examination.Domain.UnitTests.csproj" />
    <Project Path="tests/Examination/Examination.Infrastructure.IntegrationTests/Examination.Infrastructure.IntegrationTests.csproj" />
  </Folder>
  <Folder Name="/tests/Identity/">
    <Project Path="tests/Identity/Identity.API/Identity.API.IntegrationTests/Identity.API.IntegrationTests.csproj" />
  </Folder>
</Solution>
